// !$*UTF8*$!
{
	archiveVersion = 1;
	classes = {
	};
	objectVersion = 46;
	objects = {

/* Begin PBXBuildFile section */
		F9147A6E17B4E5C40079BD89 /* Earth.cpp in Sources */ = {isa = PBXBuildFile; fileRef = F91479B317B4E3C70079BD89 /* Earth.cpp */; };
		F9147A7017B4E5C40079BD89 /* StdAfx.cpp in Sources */ = {isa = PBXBuildFile; fileRef = F91479B717B4E3C70079BD89 /* StdAfx.cpp */; };
		F9147A7117B4E5D60079BD89 /* Database.cpp in Sources */ = {isa = PBXBuildFile; fileRef = F91479BA17B4E3C70079BD89 /* Database.cpp */; };
		F9147A7217B4E5D60079BD89 /* GlobalConfig.cpp in Sources */ = {isa = PBXBuildFile; fileRef = F91479BC17B4E3C70079BD89 /* GlobalConfig.cpp */; };
		F9147A7317B4E5D60079BD89 /* StdAfx.cpp in Sources */ = {isa = PBXBuildFile; fileRef = F91479BF17B4E3C70079BD89 /* StdAfx.cpp */; };
		F9147A7417B4E5EE0079BD89 /* EnemyMissile.cpp in Sources */ = {isa = PBXBuildFile; fileRef = F91479DF17B4E3C70079BD89 /* EnemyMissile.cpp */; };
		F9147A7517B4E5EE0079BD89 /* MissileCommon.cpp in Sources */ = {isa = PBXBuildFile; fileRef = F91479E117B4E3C70079BD89 /* MissileCommon.cpp */; };
		F9147A7617B4E5EE0079BD89 /* Missiles.cpp in Sources */ = {isa = PBXBuildFile; fileRef = F91479E317B4E3C70079BD89 /* Missiles.cpp */; };
		F9147A7717B4E5EE0079BD89 /* OurMissile.cpp in Sources */ = {isa = PBXBuildFile; fileRef = F91479E717B4E3C70079BD89 /* OurMissile.cpp */; };
		F9147A7817B4E5EE0079BD89 /* StdAfx.cpp in Sources */ = {isa = PBXBuildFile; fileRef = F91479E917B4E3C70079BD89 /* StdAfx.cpp */; };
		F9147A7917B4E60B0079BD89 /* InfraredCamera.cpp in Sources */ = {isa = PBXBuildFile; fileRef = F91479EC17B4E3C70079BD89 /* InfraredCamera.cpp */; };
		F9147A7A17B4E60B0079BD89 /* Recorder.cpp in Sources */ = {isa = PBXBuildFile; fileRef = F91479ED17B4E3C70079BD89 /* Recorder.cpp */; };
		F9147A7B17B4E60B0079BD89 /* StdAfx.cpp in Sources */ = {isa = PBXBuildFile; fileRef = F91479F017B4E3C70079BD89 /* StdAfx.cpp */; };
		F9147A7C17B4E6520079BD89 /* moc_InfraredSimulator.cpp in Sources */ = {isa = PBXBuildFile; fileRef = F91479C317B4E3C70079BD89 /* moc_InfraredSimulator.cpp */; };
		F9147A7D17B4E6520079BD89 /* qrc_infraredsimulator.cpp in Sources */ = {isa = PBXBuildFile; fileRef = F91479C417B4E3C70079BD89 /* qrc_infraredsimulator.cpp */; };
		F9147A7E17B4E6520079BD89 /* infraredsimulator.cpp in Sources */ = {isa = PBXBuildFile; fileRef = F91479C817B4E3C70079BD89 /* infraredsimulator.cpp */; };
		F9147A7F17B4E6520079BD89 /* main.cpp in Sources */ = {isa = PBXBuildFile; fileRef = F91479D117B4E3C70079BD89 /* main.cpp */; };
		F9147A8017B4E6520079BD89 /* parameters.cpp in Sources */ = {isa = PBXBuildFile; fileRef = F91479D217B4E3C70079BD89 /* parameters.cpp */; };
		F92CB1B417C12AB20072618A /* ListModel.cpp in Sources */ = {isa = PBXBuildFile; fileRef = F92CB1B217C12AB20072618A /* ListModel.cpp */; };
		F92CB1B617C130910072618A /* moc_ListModel.cpp in Sources */ = {isa = PBXBuildFile; fileRef = F92CB1B517C130910072618A /* moc_ListModel.cpp */; };
		F93B3B5F17B6256900D9FF26 /* Stars.cpp in Sources */ = {isa = PBXBuildFile; fileRef = F93B3B5E17B6256900D9FF26 /* Stars.cpp */; };
		F97D22EA17B7395100887FCF /* QtCore.framework in Frameworks */ = {isa = PBXBuildFile; fileRef = F97D22E917B7395100887FCF /* QtCore.framework */; };
		F97D22EC17B7395400887FCF /* QtGui.framework in Frameworks */ = {isa = PBXBuildFile; fileRef = F97D22EB17B7395400887FCF /* QtGui.framework */; };
		F97D22EE17B739FF00887FCF /* moc_parameters.cpp in Sources */ = {isa = PBXBuildFile; fileRef = F97D22ED17B739FF00887FCF /* moc_parameters.cpp */; };
		F984C38517C3BD43000962E7 /* Database.h in Headers */ = {isa = PBXBuildFile; fileRef = F984C38417C3BD43000962E7 /* Database.h */; };
		F99CA8AD1802B2080055E877 /* MySphereDrawable.cpp in Sources */ = {isa = PBXBuildFile; fileRef = F99CA8AB1802B2080055E877 /* MySphereDrawable.cpp */; };
		F99CA8AE1802B2080055E877 /* MySphereDrawable.h in Headers */ = {isa = PBXBuildFile; fileRef = F99CA8AC1802B2080055E877 /* MySphereDrawable.h */; };
		F99CA8B01802B2800055E877 /* libboost_program_options-mt.dylib in Frameworks */ = {isa = PBXBuildFile; fileRef = F99CA8AF1802B2800055E877 /* libboost_program_options-mt.dylib */; };
		F99CA8B21802B2870055E877 /* libboost_filesystem-mt.dylib in Frameworks */ = {isa = PBXBuildFile; fileRef = F99CA8B11802B2870055E877 /* libboost_filesystem-mt.dylib */; };
		F99CA8B41802B28A0055E877 /* libboost_system-mt.dylib in Frameworks */ = {isa = PBXBuildFile; fileRef = F99CA8B31802B28A0055E877 /* libboost_system-mt.dylib */; };
		F99CA8B81802B37F0055E877 /* libboost_system-mt.dylib in Frameworks */ = {isa = PBXBuildFile; fileRef = F99CA8B31802B28A0055E877 /* libboost_system-mt.dylib */; };
		F99CA8BA1802B3800055E877 /* libboost_system-mt.dylib in Frameworks */ = {isa = PBXBuildFile; fileRef = F99CA8B31802B28A0055E877 /* libboost_system-mt.dylib */; };
		F99CA8BC1802B3830055E877 /* libboost_filesystem-mt.dylib in Frameworks */ = {isa = PBXBuildFile; fileRef = F99CA8B11802B2870055E877 /* libboost_filesystem-mt.dylib */; };
		F99CA8BE1802B3830055E877 /* libboost_filesystem-mt.dylib in Frameworks */ = {isa = PBXBuildFile; fileRef = F99CA8B11802B2870055E877 /* libboost_filesystem-mt.dylib */; };
		F99CA8C01802B3860055E877 /* libboost_program_options-mt.dylib in Frameworks */ = {isa = PBXBuildFile; fileRef = F99CA8AF1802B2800055E877 /* libboost_program_options-mt.dylib */; };
		F99CA8C21802B3880055E877 /* libboost_program_options-mt.dylib in Frameworks */ = {isa = PBXBuildFile; fileRef = F99CA8AF1802B2800055E877 /* libboost_program_options-mt.dylib */; };
		F99CA8C31802B3AD0055E877 /* libsqlite3.0.dylib in Frameworks */ = {isa = PBXBuildFile; fileRef = F99CA8B51802B2FE0055E877 /* libsqlite3.0.dylib */; };
		F99CA8C41802B4170055E877 /* libboost_system-mt.dylib in Frameworks */ = {isa = PBXBuildFile; fileRef = F99CA8B31802B28A0055E877 /* libboost_system-mt.dylib */; };
		F99CA8C51802B41A0055E877 /* libboost_filesystem-mt.dylib in Frameworks */ = {isa = PBXBuildFile; fileRef = F99CA8B11802B2870055E877 /* libboost_filesystem-mt.dylib */; };
		F99CA8C61802B41C0055E877 /* libboost_program_options-mt.dylib in Frameworks */ = {isa = PBXBuildFile; fileRef = F99CA8AF1802B2800055E877 /* libboost_program_options-mt.dylib */; };
		F99CA8C81802B47E0055E877 /* libboost_thread-mt.dylib in Frameworks */ = {isa = PBXBuildFile; fileRef = F99CA8C71802B47E0055E877 /* libboost_thread-mt.dylib */; };
		F99CA8C91802B4AF0055E877 /* libboost_program_options-mt.dylib in Frameworks */ = {isa = PBXBuildFile; fileRef = F99CA8AF1802B2800055E877 /* libboost_program_options-mt.dylib */; };
		F99CA8CA1802B4B30055E877 /* libboost_filesystem-mt.dylib in Frameworks */ = {isa = PBXBuildFile; fileRef = F99CA8B11802B2870055E877 /* libboost_filesystem-mt.dylib */; };
		F99CA8CB1802B4B60055E877 /* libboost_system-mt.dylib in Frameworks */ = {isa = PBXBuildFile; fileRef = F99CA8B31802B28A0055E877 /* libboost_system-mt.dylib */; };
		F9AB94A017B621420041C31E /* BaseEnv.cpp in Sources */ = {isa = PBXBuildFile; fileRef = F9AB949E17B621420041C31E /* BaseEnv.cpp */; };
		F9F1BE0117BE254A00C4DB80 /* TableModel.cpp in Sources */ = {isa = PBXBuildFile; fileRef = F9F1BDFF17BE254900C4DB80 /* TableModel.cpp */; };
		F9F1BE0317BE2F9000C4DB80 /* QGLWidgetAdapter.h in Headers */ = {isa = PBXBuildFile; fileRef = F9F1BE0217BE2F9000C4DB80 /* QGLWidgetAdapter.h */; };
		F9F1BE0517BE33F300C4DB80 /* moc_TableModel.cpp in Sources */ = {isa = PBXBuildFile; fileRef = F9F1BE0417BE33F300C4DB80 /* moc_TableModel.cpp */; };
/* End PBXBuildFile section */

/* Begin PBXContainerItemProxy section */
		F9147A8117B4E6D80079BD89 /* PBXContainerItemProxy */ = {
			isa = PBXContainerItemProxy;
			containerPortal = F914799917B4E2930079BD89 /* Project object */;
			proxyType = 1;
			remoteGlobalIDString = F9147A4B17B4E5000079BD89;
			remoteInfo = GlobalConfig;
		};
		F9147A8317B4E6D80079BD89 /* PBXContainerItemProxy */ = {
			isa = PBXContainerItemProxy;
			containerPortal = F914799917B4E2930079BD89 /* Project object */;
			proxyType = 1;
			remoteGlobalIDString = F9147A5B17B4E51C0079BD89;
			remoteInfo = Recorder;
		};
		F9147A8517B4E6E20079BD89 /* PBXContainerItemProxy */ = {
			isa = PBXContainerItemProxy;
			containerPortal = F914799917B4E2930079BD89 /* Project object */;
			proxyType = 1;
			remoteGlobalIDString = F9147A4B17B4E5000079BD89;
			remoteInfo = GlobalConfig;
		};
		F9147A8717B4E6E20079BD89 /* PBXContainerItemProxy */ = {
			isa = PBXContainerItemProxy;
			containerPortal = F914799917B4E2930079BD89 /* Project object */;
			proxyType = 1;
			remoteGlobalIDString = F9147A5B17B4E51C0079BD89;
			remoteInfo = Recorder;
		};
		F9147A8917B4E6E70079BD89 /* PBXContainerItemProxy */ = {
			isa = PBXContainerItemProxy;
			containerPortal = F914799917B4E2930079BD89 /* Project object */;
			proxyType = 1;
			remoteGlobalIDString = F9147A4B17B4E5000079BD89;
			remoteInfo = GlobalConfig;
		};
		F9147A8B17B4E6EB0079BD89 /* PBXContainerItemProxy */ = {
			isa = PBXContainerItemProxy;
			containerPortal = F914799917B4E2930079BD89 /* Project object */;
			proxyType = 1;
			remoteGlobalIDString = F9147A4317B4E4F30079BD89;
			remoteInfo = BaseEnv;
		};
		F9147A8D17B4E6EB0079BD89 /* PBXContainerItemProxy */ = {
			isa = PBXContainerItemProxy;
			containerPortal = F914799917B4E2930079BD89 /* Project object */;
			proxyType = 1;
			remoteGlobalIDString = F9147A4B17B4E5000079BD89;
			remoteInfo = GlobalConfig;
		};
		F9147A8F17B4E6EB0079BD89 /* PBXContainerItemProxy */ = {
			isa = PBXContainerItemProxy;
			containerPortal = F914799917B4E2930079BD89 /* Project object */;
			proxyType = 1;
			remoteGlobalIDString = F9147A5317B4E50C0079BD89;
			remoteInfo = Missiles;
		};
		F9147A9117B4E6EB0079BD89 /* PBXContainerItemProxy */ = {
			isa = PBXContainerItemProxy;
			containerPortal = F914799917B4E2930079BD89 /* Project object */;
			proxyType = 1;
			remoteGlobalIDString = F9147A5B17B4E51C0079BD89;
			remoteInfo = Recorder;
		};
/* End PBXContainerItemProxy section */

/* Begin PBXCopyFilesBuildPhase section */
		F9147A6217B4E53F0079BD89 /* CopyFiles */ = {
			isa = PBXCopyFilesBuildPhase;
			buildActionMask = 2147483647;
			dstPath = /usr/share/man/man1/;
			dstSubfolderSpec = 0;
			files = (
			);
			runOnlyForDeploymentPostprocessing = 1;
		};
/* End PBXCopyFilesBuildPhase section */

/* Begin PBXFileReference section */
		F91479B017B4E3C70079BD89 /* BaseEnv.h */ = {isa = PBXFileReference; lastKnownFileType = sourcecode.c.h; path = BaseEnv.h; sourceTree = "<group>"; };
		F91479B317B4E3C70079BD89 /* Earth.cpp */ = {isa = PBXFileReference; lastKnownFileType = sourcecode.cpp.cpp; path = Earth.cpp; sourceTree = "<group>"; };
		F91479B417B4E3C70079BD89 /* Earth.h */ = {isa = PBXFileReference; lastKnownFileType = sourcecode.c.h; path = Earth.h; sourceTree = "<group>"; };
		F91479B617B4E3C70079BD89 /* Stars.h */ = {isa = PBXFileReference; lastKnownFileType = sourcecode.c.h; path = Stars.h; sourceTree = "<group>"; };
		F91479B717B4E3C70079BD89 /* StdAfx.cpp */ = {isa = PBXFileReference; lastKnownFileType = sourcecode.cpp.cpp; path = StdAfx.cpp; sourceTree = "<group>"; };
		F91479B817B4E3C70079BD89 /* StdAfx.h */ = {isa = PBXFileReference; lastKnownFileType = sourcecode.c.h; path = StdAfx.h; sourceTree = "<group>"; };
		F91479BA17B4E3C70079BD89 /* Database.cpp */ = {isa = PBXFileReference; lastKnownFileType = sourcecode.cpp.cpp; path = Database.cpp; sourceTree = "<group>"; };
		F91479BC17B4E3C70079BD89 /* GlobalConfig.cpp */ = {isa = PBXFileReference; lastKnownFileType = sourcecode.cpp.cpp; path = GlobalConfig.cpp; sourceTree = "<group>"; };
		F91479BF17B4E3C70079BD89 /* StdAfx.cpp */ = {isa = PBXFileReference; lastKnownFileType = sourcecode.cpp.cpp; path = StdAfx.cpp; sourceTree = "<group>"; };
		F91479C017B4E3C70079BD89 /* StdAfx.h */ = {isa = PBXFileReference; lastKnownFileType = sourcecode.c.h; path = StdAfx.h; sourceTree = "<group>"; };
		F91479C317B4E3C70079BD89 /* moc_InfraredSimulator.cpp */ = {isa = PBXFileReference; lastKnownFileType = sourcecode.cpp.cpp; path = moc_InfraredSimulator.cpp; sourceTree = "<group>"; };
		F91479C417B4E3C70079BD89 /* qrc_infraredsimulator.cpp */ = {isa = PBXFileReference; lastKnownFileType = sourcecode.cpp.cpp; path = qrc_infraredsimulator.cpp; sourceTree = "<group>"; };
		F91479C517B4E3C70079BD89 /* ui_infraredsimulator.h */ = {isa = PBXFileReference; lastKnownFileType = sourcecode.c.h; path = ui_infraredsimulator.h; sourceTree = "<group>"; };
		F91479C617B4E3C70079BD89 /* ui_parameters.h */ = {isa = PBXFileReference; lastKnownFileType = sourcecode.c.h; path = ui_parameters.h; sourceTree = "<group>"; };
		F91479C817B4E3C70079BD89 /* infraredsimulator.cpp */ = {isa = PBXFileReference; lastKnownFileType = sourcecode.cpp.cpp; path = infraredsimulator.cpp; sourceTree = "<group>"; };
		F91479C917B4E3C70079BD89 /* infraredsimulator.h */ = {isa = PBXFileReference; lastKnownFileType = sourcecode.c.h; path = infraredsimulator.h; sourceTree = "<group>"; };
		F91479CE17B4E3C70079BD89 /* infraredsimulator.ui */ = {isa = PBXFileReference; lastKnownFileType = text.xml; path = infraredsimulator.ui; sourceTree = "<group>"; };
		F91479D117B4E3C70079BD89 /* main.cpp */ = {isa = PBXFileReference; lastKnownFileType = sourcecode.cpp.cpp; path = main.cpp; sourceTree = "<group>"; };
		F91479D217B4E3C70079BD89 /* parameters.cpp */ = {isa = PBXFileReference; lastKnownFileType = sourcecode.cpp.cpp; path = parameters.cpp; sourceTree = "<group>"; };
		F91479D317B4E3C70079BD89 /* parameters.h */ = {isa = PBXFileReference; lastKnownFileType = sourcecode.c.h; path = parameters.h; sourceTree = "<group>"; };
		F91479D417B4E3C70079BD89 /* parameters.ui */ = {isa = PBXFileReference; lastKnownFileType = text.xml; path = parameters.ui; sourceTree = "<group>"; };
		F91479D617B4E3C70079BD89 /* back.png */ = {isa = PBXFileReference; lastKnownFileType = image.png; path = back.png; sourceTree = "<group>"; };
		F91479D717B4E3C70079BD89 /* do.png */ = {isa = PBXFileReference; lastKnownFileType = image.png; path = do.png; sourceTree = "<group>"; };
		F91479D817B4E3C70079BD89 /* peace.png */ = {isa = PBXFileReference; lastKnownFileType = image.png; path = peace.png; sourceTree = "<group>"; };
		F91479D917B4E3C70079BD89 /* peace2.png */ = {isa = PBXFileReference; lastKnownFileType = image.png; path = peace2.png; sourceTree = "<group>"; };
		F91479DA17B4E3C70079BD89 /* speed.png */ = {isa = PBXFileReference; lastKnownFileType = image.png; path = speed.png; sourceTree = "<group>"; };
		F91479DB17B4E3C70079BD89 /* stop.png */ = {isa = PBXFileReference; lastKnownFileType = image.png; path = stop.png; sourceTree = "<group>"; };
		F91479DC17B4E3C70079BD89 /* StdAfx.cpp */ = {isa = PBXFileReference; lastKnownFileType = sourcecode.cpp.cpp; path = StdAfx.cpp; sourceTree = "<group>"; };
		F91479DD17B4E3C70079BD89 /* StdAfx.h */ = {isa = PBXFileReference; lastKnownFileType = sourcecode.c.h; path = StdAfx.h; sourceTree = "<group>"; };
		F91479DF17B4E3C70079BD89 /* EnemyMissile.cpp */ = {isa = PBXFileReference; lastKnownFileType = sourcecode.cpp.cpp; path = EnemyMissile.cpp; sourceTree = "<group>"; };
		F91479E017B4E3C70079BD89 /* EnemyMissile.h */ = {isa = PBXFileReference; lastKnownFileType = sourcecode.c.h; path = EnemyMissile.h; sourceTree = "<group>"; };
		F91479E117B4E3C70079BD89 /* MissileCommon.cpp */ = {isa = PBXFileReference; lastKnownFileType = sourcecode.cpp.cpp; path = MissileCommon.cpp; sourceTree = "<group>"; };
		F91479E217B4E3C70079BD89 /* MissileCommon.h */ = {isa = PBXFileReference; lastKnownFileType = sourcecode.c.h; path = MissileCommon.h; sourceTree = "<group>"; };
		F91479E317B4E3C70079BD89 /* Missiles.cpp */ = {isa = PBXFileReference; lastKnownFileType = sourcecode.cpp.cpp; path = Missiles.cpp; sourceTree = "<group>"; };
		F91479E417B4E3C70079BD89 /* Missiles.h */ = {isa = PBXFileReference; lastKnownFileType = sourcecode.c.h; path = Missiles.h; sourceTree = "<group>"; };
		F91479E717B4E3C70079BD89 /* OurMissile.cpp */ = {isa = PBXFileReference; lastKnownFileType = sourcecode.cpp.cpp; path = OurMissile.cpp; sourceTree = "<group>"; };
		F91479E817B4E3C70079BD89 /* OurMissile.h */ = {isa = PBXFileReference; lastKnownFileType = sourcecode.c.h; path = OurMissile.h; sourceTree = "<group>"; };
		F91479E917B4E3C70079BD89 /* StdAfx.cpp */ = {isa = PBXFileReference; lastKnownFileType = sourcecode.cpp.cpp; path = StdAfx.cpp; sourceTree = "<group>"; };
		F91479EA17B4E3C70079BD89 /* StdAfx.h */ = {isa = PBXFileReference; lastKnownFileType = sourcecode.c.h; path = StdAfx.h; sourceTree = "<group>"; };
		F91479EC17B4E3C70079BD89 /* InfraredCamera.cpp */ = {isa = PBXFileReference; lastKnownFileType = sourcecode.cpp.cpp; path = InfraredCamera.cpp; sourceTree = "<group>"; };
		F91479ED17B4E3C70079BD89 /* Recorder.cpp */ = {isa = PBXFileReference; lastKnownFileType = sourcecode.cpp.cpp; path = Recorder.cpp; sourceTree = "<group>"; };
		F91479F017B4E3C70079BD89 /* StdAfx.cpp */ = {isa = PBXFileReference; lastKnownFileType = sourcecode.cpp.cpp; path = StdAfx.cpp; sourceTree = "<group>"; };
		F91479F117B4E3C70079BD89 /* StdAfx.h */ = {isa = PBXFileReference; lastKnownFileType = sourcecode.c.h; path = StdAfx.h; sourceTree = "<group>"; };
		F91479F317B4E3CE0079BD89 /* decl.h */ = {isa = PBXFileReference; lastKnownFileType = sourcecode.c.h; path = decl.h; sourceTree = "<group>"; };
		F91479F417B4E3CF0079BD89 /* GlobalConfig.h */ = {isa = PBXFileReference; lastKnownFileType = sourcecode.c.h; path = GlobalConfig.h; sourceTree = "<group>"; xcLanguageSpecificationIdentifier = xcode.lang.objcpp; };
		F91479F517B4E3CF0079BD89 /* InfraredCamera.h */ = {isa = PBXFileReference; lastKnownFileType = sourcecode.c.h; path = InfraredCamera.h; sourceTree = "<group>"; };
		F91479F817B4E3CF0079BD89 /* Common.h */ = {isa = PBXFileReference; lastKnownFileType = sourcecode.c.h; path = Common.h; sourceTree = "<group>"; };
		F91479FA17B4E3CF0079BD89 /* DataCenter.h */ = {isa = PBXFileReference; lastKnownFileType = sourcecode.c.h; path = DataCenter.h; sourceTree = "<group>"; };
		F91479FC17B4E3CF0079BD89 /* EventCenter.h */ = {isa = PBXFileReference; lastKnownFileType = sourcecode.c.h; path = EventCenter.h; sourceTree = "<group>"; };
		F91479FD17B4E3CF0079BD89 /* EventHandler.h */ = {isa = PBXFileReference; lastKnownFileType = sourcecode.c.h; path = EventHandler.h; sourceTree = "<group>"; };
		F91479FE17B4E3CF0079BD89 /* EventStation.h */ = {isa = PBXFileReference; lastKnownFileType = sourcecode.c.h; path = EventStation.h; sourceTree = "<group>"; };
		F91479FF17B4E3CF0079BD89 /* EventType.h */ = {isa = PBXFileReference; lastKnownFileType = sourcecode.c.h; path = EventType.h; sourceTree = "<group>"; };
		F9147A0117B4E3CF0079BD89 /* Label.h */ = {isa = PBXFileReference; lastKnownFileType = sourcecode.c.h; path = Label.h; sourceTree = "<group>"; };
		F9147A0317B4E3CF0079BD89 /* Layer.h */ = {isa = PBXFileReference; lastKnownFileType = sourcecode.c.h; path = Layer.h; sourceTree = "<group>"; };
		F9147A0417B4E3CF0079BD89 /* LayerManager.h */ = {isa = PBXFileReference; lastKnownFileType = sourcecode.c.h; path = LayerManager.h; sourceTree = "<group>"; };
		F9147A0517B4E3CF0079BD89 /* ScreenManager.h */ = {isa = PBXFileReference; lastKnownFileType = sourcecode.c.h; path = ScreenManager.h; sourceTree = "<group>"; };
		F9147A0717B4E3CF0079BD89 /* LOD2D.h */ = {isa = PBXFileReference; lastKnownFileType = sourcecode.c.h; path = LOD2D.h; sourceTree = "<group>"; };
		F9147A0917B4E3CF0079BD89 /* NetworkBuffer.h */ = {isa = PBXFileReference; lastKnownFileType = sourcecode.c.h; path = NetworkBuffer.h; sourceTree = "<group>"; };
		F9147A0A17B4E3CF0079BD89 /* NetworkCenter.h */ = {isa = PBXFileReference; lastKnownFileType = sourcecode.c.h; path = NetworkCenter.h; sourceTree = "<group>"; };
		F9147A0B17B4E3CF0079BD89 /* NetworkConn.h */ = {isa = PBXFileReference; lastKnownFileType = sourcecode.c.h; path = NetworkConn.h; sourceTree = "<group>"; };
		F9147A0C17B4E3CF0079BD89 /* NetworkConn.h.bak */ = {isa = PBXFileReference; lastKnownFileType = text; path = NetworkConn.h.bak; sourceTree = "<group>"; };
		F9147A0D17B4E3CF0079BD89 /* NetworkDataRecognizer.h */ = {isa = PBXFileReference; lastKnownFileType = sourcecode.c.h; path = NetworkDataRecognizer.h; sourceTree = "<group>"; };
		F9147A1517B4E3CF0079BD89 /* Pickable.h */ = {isa = PBXFileReference; lastKnownFileType = sourcecode.c.h; path = Pickable.h; sourceTree = "<group>"; };
		F9147A1617B4E3CF0079BD89 /* PickableManager.h */ = {isa = PBXFileReference; lastKnownFileType = sourcecode.c.h; path = PickableManager.h; sourceTree = "<group>"; };
		F9147A1817B4E3CF0079BD89 /* Plugin.h */ = {isa = PBXFileReference; lastKnownFileType = sourcecode.c.h; path = Plugin.h; sourceTree = "<group>"; };
		F9147A1917B4E3CF0079BD89 /* PluginManager.h */ = {isa = PBXFileReference; lastKnownFileType = sourcecode.c.h; path = PluginManager.h; sourceTree = "<group>"; };
		F9147A1A17B4E3CF0079BD89 /* PluginType.h */ = {isa = PBXFileReference; lastKnownFileType = sourcecode.c.h; path = PluginType.h; sourceTree = "<group>"; };
		F9147A1B17B4E3CF0079BD89 /* PSDFCore.h */ = {isa = PBXFileReference; lastKnownFileType = sourcecode.c.h; path = PSDFCore.h; sourceTree = "<group>"; };
		F9147A1D17B4E3CF0079BD89 /* ProjectTrans.h */ = {isa = PBXFileReference; lastKnownFileType = sourcecode.c.h; path = ProjectTrans.h; sourceTree = "<group>"; };
		F9147A1E17B4E3CF0079BD89 /* ProjectTransWinkel3.h */ = {isa = PBXFileReference; lastKnownFileType = sourcecode.c.h; path = ProjectTransWinkel3.h; sourceTree = "<group>"; };
		F9147A1F17B4E3CF0079BD89 /* SceneCenter.h */ = {isa = PBXFileReference; lastKnownFileType = sourcecode.c.h; path = SceneCenter.h; sourceTree = "<group>"; };
		F9147A2017B4E3CF0079BD89 /* SceneCenter.h.bak */ = {isa = PBXFileReference; lastKnownFileType = text; path = SceneCenter.h.bak; sourceTree = "<group>"; };
		F9147A2117B4E3CF0079BD89 /* StdAfx.h */ = {isa = PBXFileReference; lastKnownFileType = sourcecode.c.h; path = StdAfx.h; sourceTree = "<group>"; };
		F9147A2317B4E3CF0079BD89 /* PosixThreads.h */ = {isa = PBXFileReference; lastKnownFileType = sourcecode.c.h; path = PosixThreads.h; sourceTree = "<group>"; };
		F9147A2517B4E3CF0079BD89 /* pthread.h */ = {isa = PBXFileReference; lastKnownFileType = sourcecode.c.h; path = pthread.h; sourceTree = "<group>"; };
		F9147A2617B4E3CF0079BD89 /* sched.h */ = {isa = PBXFileReference; lastKnownFileType = sourcecode.c.h; path = sched.h; sourceTree = "<group>"; };
		F9147A2717B4E3CF0079BD89 /* semaphore.h */ = {isa = PBXFileReference; lastKnownFileType = sourcecode.c.h; path = semaphore.h; sourceTree = "<group>"; };
		F9147A2917B4E3CF0079BD89 /* Camera2D.h */ = {isa = PBXFileReference; lastKnownFileType = sourcecode.c.h; path = Camera2D.h; sourceTree = "<group>"; };
		F9147A2A17B4E3CF0079BD89 /* Camera3D.h */ = {isa = PBXFileReference; lastKnownFileType = sourcecode.c.h; path = Camera3D.h; sourceTree = "<group>"; };
		F9147A2B17B4E3CF0079BD89 /* CameraBase.h */ = {isa = PBXFileReference; lastKnownFileType = sourcecode.c.h; path = CameraBase.h; sourceTree = "<group>"; };
		F9147A2C17B4E3CF0079BD89 /* CameraBase.h.bak */ = {isa = PBXFileReference; lastKnownFileType = text; path = CameraBase.h.bak; sourceTree = "<group>"; };
		F9147A2D17B4E3CF0079BD89 /* CameraController.h */ = {isa = PBXFileReference; lastKnownFileType = sourcecode.c.h; path = CameraController.h; sourceTree = "<group>"; };
		F9147A2E17B4E3CF0079BD89 /* CameraController.h.bak */ = {isa = PBXFileReference; lastKnownFileType = text; path = CameraController.h.bak; sourceTree = "<group>"; };
		F9147A2F17B4E3CF0079BD89 /* OsgViewerBase.h */ = {isa = PBXFileReference; lastKnownFileType = sourcecode.c.h; path = OsgViewerBase.h; sourceTree = "<group>"; };
		F9147A3017B4E3CF0079BD89 /* OsgViewerBase.h.bak */ = {isa = PBXFileReference; lastKnownFileType = text; path = OsgViewerBase.h.bak; sourceTree = "<group>"; };
		F9147A3117B4E3CF0079BD89 /* StaticNodeGroup.h */ = {isa = PBXFileReference; lastKnownFileType = sourcecode.c.h; path = StaticNodeGroup.h; sourceTree = "<group>"; };
		F9147A3217B4E3CF0079BD89 /* StatsHandler.h */ = {isa = PBXFileReference; lastKnownFileType = sourcecode.c.h; path = StatsHandler.h; sourceTree = "<group>"; };
		F9147A3517B4E3CF0079BD89 /* Common.h */ = {isa = PBXFileReference; lastKnownFileType = sourcecode.c.h; path = Common.h; sourceTree = "<group>"; };
		F9147A3817B4E3CF0079BD89 /* ViewerQt2D.h */ = {isa = PBXFileReference; lastKnownFileType = sourcecode.c.h; path = ViewerQt2D.h; sourceTree = "<group>"; };
		F9147A3917B4E3CF0079BD89 /* ViewerQt3D.h */ = {isa = PBXFileReference; lastKnownFileType = sourcecode.c.h; path = ViewerQt3D.h; sourceTree = "<group>"; };
		F9147A3A17B4E3CF0079BD89 /* PSDFViewQt.h */ = {isa = PBXFileReference; lastKnownFileType = sourcecode.c.h; path = PSDFViewQt.h; sourceTree = "<group>"; };
		F9147A3C17B4E3CF0079BD89 /* Recordable.h */ = {isa = PBXFileReference; lastKnownFileType = sourcecode.c.h; path = Recordable.h; sourceTree = "<group>"; };
		F9147A3D17B4E3CF0079BD89 /* Recorder.h */ = {isa = PBXFileReference; lastKnownFileType = sourcecode.c.h; path = Recorder.h; sourceTree = "<group>"; };
		F9147A4417B4E4F30079BD89 /* BaseEnvd.dylib */ = {isa = PBXFileReference; explicitFileType = "compiled.mach-o.dylib"; includeInIndex = 0; path = BaseEnvd.dylib; sourceTree = BUILT_PRODUCTS_DIR; };
		F9147A4C17B4E5000079BD89 /* libGlobalConfigd.dylib */ = {isa = PBXFileReference; explicitFileType = "compiled.mach-o.dylib"; includeInIndex = 0; path = libGlobalConfigd.dylib; sourceTree = BUILT_PRODUCTS_DIR; };
		F9147A5417B4E50C0079BD89 /* Missilesd.dylib */ = {isa = PBXFileReference; explicitFileType = "compiled.mach-o.dylib"; includeInIndex = 0; path = Missilesd.dylib; sourceTree = BUILT_PRODUCTS_DIR; };
		F9147A5C17B4E51C0079BD89 /* libRecorderd.dylib */ = {isa = PBXFileReference; explicitFileType = "compiled.mach-o.dylib"; includeInIndex = 0; path = libRecorderd.dylib; sourceTree = BUILT_PRODUCTS_DIR; };
		F9147A6417B4E53F0079BD89 /* InfraredSimulatord */ = {isa = PBXFileReference; explicitFileType = "compiled.mach-o.executable"; includeInIndex = 0; path = InfraredSimulatord; sourceTree = BUILT_PRODUCTS_DIR; };
		F92CB1B217C12AB20072618A /* ListModel.cpp */ = {isa = PBXFileReference; fileEncoding = 4; lastKnownFileType = sourcecode.cpp.cpp; path = ListModel.cpp; sourceTree = "<group>"; };
		F92CB1B317C12AB20072618A /* ListModel.h */ = {isa = PBXFileReference; fileEncoding = 4; lastKnownFileType = sourcecode.c.h; path = ListModel.h; sourceTree = "<group>"; };
		F92CB1B517C130910072618A /* moc_ListModel.cpp */ = {isa = PBXFileReference; fileEncoding = 4; lastKnownFileType = sourcecode.cpp.cpp; path = moc_ListModel.cpp; sourceTree = "<group>"; };
		F93B3B5E17B6256900D9FF26 /* Stars.cpp */ = {isa = PBXFileReference; fileEncoding = 4; lastKnownFileType = sourcecode.cpp.cpp; path = Stars.cpp; sourceTree = "<group>"; };
		F97D22E817B6414000887FCF /* infraredsimulator.qrc */ = {isa = PBXFileReference; fileEncoding = 4; lastKnownFileType = text; path = infraredsimulator.qrc; sourceTree = "<group>"; };
		F97D22E917B7395100887FCF /* QtCore.framework */ = {isa = PBXFileReference; lastKnownFileType = wrapper.framework; name = QtCore.framework; path = /Library/Frameworks/QtCore.framework; sourceTree = "<absolute>"; };
		F97D22EB17B7395400887FCF /* QtGui.framework */ = {isa = PBXFileReference; lastKnownFileType = wrapper.framework; name = QtGui.framework; path = /Library/Frameworks/QtGui.framework; sourceTree = "<absolute>"; };
		F97D22ED17B739FF00887FCF /* moc_parameters.cpp */ = {isa = PBXFileReference; fileEncoding = 4; lastKnownFileType = sourcecode.cpp.cpp; path = moc_parameters.cpp; sourceTree = "<group>"; };
		F984C38417C3BD43000962E7 /* Database.h */ = {isa = PBXFileReference; fileEncoding = 4; lastKnownFileType = sourcecode.c.h; path = Database.h; sourceTree = "<group>"; };
		F99CA8AB1802B2080055E877 /* MySphereDrawable.cpp */ = {isa = PBXFileReference; fileEncoding = 4; lastKnownFileType = sourcecode.cpp.cpp; path = MySphereDrawable.cpp; sourceTree = "<group>"; };
		F99CA8AC1802B2080055E877 /* MySphereDrawable.h */ = {isa = PBXFileReference; fileEncoding = 4; lastKnownFileType = sourcecode.c.h; path = MySphereDrawable.h; sourceTree = "<group>"; };
		F99CA8AF1802B2800055E877 /* libboost_program_options-mt.dylib */ = {isa = PBXFileReference; lastKnownFileType = "compiled.mach-o.dylib"; name = "libboost_program_options-mt.dylib"; path = "/opt/local/lib/libboost_program_options-mt.dylib"; sourceTree = "<absolute>"; };
		F99CA8B11802B2870055E877 /* libboost_filesystem-mt.dylib */ = {isa = PBXFileReference; lastKnownFileType = "compiled.mach-o.dylib"; name = "libboost_filesystem-mt.dylib"; path = "/opt/local/lib/libboost_filesystem-mt.dylib"; sourceTree = "<absolute>"; };
		F99CA8B31802B28A0055E877 /* libboost_system-mt.dylib */ = {isa = PBXFileReference; lastKnownFileType = "compiled.mach-o.dylib"; name = "libboost_system-mt.dylib"; path = "/opt/local/lib/libboost_system-mt.dylib"; sourceTree = "<absolute>"; };
		F99CA8B51802B2FE0055E877 /* libsqlite3.0.dylib */ = {isa = PBXFileReference; lastKnownFileType = "compiled.mach-o.dylib"; name = libsqlite3.0.dylib; path = ../../../../../opt/local/lib/libsqlite3.0.dylib; sourceTree = "<group>"; };
		F99CA8C71802B47E0055E877 /* libboost_thread-mt.dylib */ = {isa = PBXFileReference; lastKnownFileType = "compiled.mach-o.dylib"; name = "libboost_thread-mt.dylib"; path = "../../../../../opt/local/lib/libboost_thread-mt.dylib"; sourceTree = "<group>"; };
		F9AB949E17B621420041C31E /* BaseEnv.cpp */ = {isa = PBXFileReference; fileEncoding = 4; lastKnownFileType = sourcecode.cpp.cpp; path = BaseEnv.cpp; sourceTree = "<group>"; };
		F9F1BDFF17BE254900C4DB80 /* TableModel.cpp */ = {isa = PBXFileReference; fileEncoding = 4; lastKnownFileType = sourcecode.cpp.cpp; path = TableModel.cpp; sourceTree = "<group>"; };
		F9F1BE0017BE254A00C4DB80 /* TableModel.h */ = {isa = PBXFileReference; fileEncoding = 4; lastKnownFileType = sourcecode.c.h; path = TableModel.h; sourceTree = "<group>"; };
		F9F1BE0217BE2F9000C4DB80 /* QGLWidgetAdapter.h */ = {isa = PBXFileReference; fileEncoding = 4; lastKnownFileType = sourcecode.c.h; path = QGLWidgetAdapter.h; sourceTree = "<group>"; };
		F9F1BE0417BE33F300C4DB80 /* moc_TableModel.cpp */ = {isa = PBXFileReference; fileEncoding = 4; lastKnownFileType = sourcecode.cpp.cpp; path = moc_TableModel.cpp; sourceTree = "<group>"; };
/* End PBXFileReference section */

/* Begin PBXFrameworksBuildPhase section */
		F9147A4117B4E4F30079BD89 /* Frameworks */ = {
			isa = PBXFrameworksBuildPhase;
			buildActionMask = 2147483647;
			files = (
				F99CA8C41802B4170055E877 /* libboost_system-mt.dylib in Frameworks */,
				F99CA8C51802B41A0055E877 /* libboost_filesystem-mt.dylib in Frameworks */,
				F99CA8C61802B41C0055E877 /* libboost_program_options-mt.dylib in Frameworks */,
			);
			runOnlyForDeploymentPostprocessing = 0;
		};
		F9147A4917B4E5000079BD89 /* Frameworks */ = {
			isa = PBXFrameworksBuildPhase;
			buildActionMask = 2147483647;
			files = (
				F99CA8B81802B37F0055E877 /* libboost_system-mt.dylib in Frameworks */,
				F99CA8BC1802B3830055E877 /* libboost_filesystem-mt.dylib in Frameworks */,
				F99CA8C01802B3860055E877 /* libboost_program_options-mt.dylib in Frameworks */,
				F99CA8C31802B3AD0055E877 /* libsqlite3.0.dylib in Frameworks */,
			);
			runOnlyForDeploymentPostprocessing = 0;
		};
		F9147A5117B4E50C0079BD89 /* Frameworks */ = {
			isa = PBXFrameworksBuildPhase;
			buildActionMask = 2147483647;
			files = (
				F99CA8C81802B47E0055E877 /* libboost_thread-mt.dylib in Frameworks */,
				F99CA8C91802B4AF0055E877 /* libboost_program_options-mt.dylib in Frameworks */,
				F99CA8CA1802B4B30055E877 /* libboost_filesystem-mt.dylib in Frameworks */,
				F99CA8CB1802B4B60055E877 /* libboost_system-mt.dylib in Frameworks */,
			);
			runOnlyForDeploymentPostprocessing = 0;
		};
		F9147A5917B4E51C0079BD89 /* Frameworks */ = {
			isa = PBXFrameworksBuildPhase;
			buildActionMask = 2147483647;
			files = (
				F99CA8BA1802B3800055E877 /* libboost_system-mt.dylib in Frameworks */,
				F99CA8BE1802B3830055E877 /* libboost_filesystem-mt.dylib in Frameworks */,
				F99CA8C21802B3880055E877 /* libboost_program_options-mt.dylib in Frameworks */,
			);
			runOnlyForDeploymentPostprocessing = 0;
		};
		F9147A6117B4E53F0079BD89 /* Frameworks */ = {
			isa = PBXFrameworksBuildPhase;
			buildActionMask = 2147483647;
			files = (
				F97D22EA17B7395100887FCF /* QtCore.framework in Frameworks */,
				F97D22EC17B7395400887FCF /* QtGui.framework in Frameworks */,
				F99CA8B21802B2870055E877 /* libboost_filesystem-mt.dylib in Frameworks */,
				F99CA8B41802B28A0055E877 /* libboost_system-mt.dylib in Frameworks */,
				F99CA8B01802B2800055E877 /* libboost_program_options-mt.dylib in Frameworks */,
			);
			runOnlyForDeploymentPostprocessing = 0;
		};
/* End PBXFrameworksBuildPhase section */

/* Begin PBXGroup section */
		F914799817B4E2930079BD89 = {
			isa = PBXGroup;
			children = (
				F91479A317B4E2930079BD89 /* InfraredTarget */,
				F9147A9917B4EC430079BD89 /* Library */,
				F91479A217B4E2930079BD89 /* Products */,
			);
			sourceTree = "<group>";
		};
		F91479A217B4E2930079BD89 /* Products */ = {
			isa = PBXGroup;
			children = (
				F9147A4417B4E4F30079BD89 /* BaseEnvd.dylib */,
				F9147A4C17B4E5000079BD89 /* libGlobalConfigd.dylib */,
				F9147A5417B4E50C0079BD89 /* Missilesd.dylib */,
				F9147A5C17B4E51C0079BD89 /* libRecorderd.dylib */,
				F9147A6417B4E53F0079BD89 /* InfraredSimulatord */,
			);
			name = Products;
			sourceTree = "<group>";
		};
		F91479A317B4E2930079BD89 /* InfraredTarget */ = {
			isa = PBXGroup;
			children = (
				F91479F217B4E3CE0079BD89 /* include */,
				F91479AD17B4E3C70079BD89 /* src */,
			);
			path = InfraredTarget;
			sourceTree = "<group>";
		};
		F91479AD17B4E3C70079BD89 /* src */ = {
			isa = PBXGroup;
			children = (
				F91479AE17B4E3C70079BD89 /* BaseEnv */,
				F91479B917B4E3C70079BD89 /* GlobalConfig */,
				F91479C117B4E3C70079BD89 /* InfraredSimulator */,
				F91479DE17B4E3C70079BD89 /* Missiles */,
				F91479EB17B4E3C70079BD89 /* Recorder */,
			);
			path = src;
			sourceTree = SOURCE_ROOT;
		};
		F91479AE17B4E3C70079BD89 /* BaseEnv */ = {
			isa = PBXGroup;
			children = (
				F9AB949E17B621420041C31E /* BaseEnv.cpp */,
				F91479B017B4E3C70079BD89 /* BaseEnv.h */,
				F99CA8AB1802B2080055E877 /* MySphereDrawable.cpp */,
				F99CA8AC1802B2080055E877 /* MySphereDrawable.h */,
				F91479B317B4E3C70079BD89 /* Earth.cpp */,
				F91479B417B4E3C70079BD89 /* Earth.h */,
				F93B3B5E17B6256900D9FF26 /* Stars.cpp */,
				F91479B617B4E3C70079BD89 /* Stars.h */,
				F91479B717B4E3C70079BD89 /* StdAfx.cpp */,
				F91479B817B4E3C70079BD89 /* StdAfx.h */,
			);
			path = BaseEnv;
			sourceTree = "<group>";
		};
		F91479B917B4E3C70079BD89 /* GlobalConfig */ = {
			isa = PBXGroup;
			children = (
				F91479BA17B4E3C70079BD89 /* Database.cpp */,
				F91479BC17B4E3C70079BD89 /* GlobalConfig.cpp */,
				F91479BF17B4E3C70079BD89 /* StdAfx.cpp */,
				F91479C017B4E3C70079BD89 /* StdAfx.h */,
			);
			path = GlobalConfig;
			sourceTree = "<group>";
		};
		F91479C117B4E3C70079BD89 /* InfraredSimulator */ = {
			isa = PBXGroup;
			children = (
				F91479C817B4E3C70079BD89 /* infraredsimulator.cpp */,
				F91479C917B4E3C70079BD89 /* infraredsimulator.h */,
				F91479D117B4E3C70079BD89 /* main.cpp */,
				F91479D217B4E3C70079BD89 /* parameters.cpp */,
				F91479D317B4E3C70079BD89 /* parameters.h */,
				F9F1BDFF17BE254900C4DB80 /* TableModel.cpp */,
				F9F1BE0017BE254A00C4DB80 /* TableModel.h */,
				F92CB1B217C12AB20072618A /* ListModel.cpp */,
				F92CB1B317C12AB20072618A /* ListModel.h */,
				F91479DC17B4E3C70079BD89 /* StdAfx.cpp */,
				F91479DD17B4E3C70079BD89 /* StdAfx.h */,
				F91479D417B4E3C70079BD89 /* parameters.ui */,
				F91479CE17B4E3C70079BD89 /* infraredsimulator.ui */,
				F97D22E817B6414000887FCF /* infraredsimulator.qrc */,
				F91479C217B4E3C70079BD89 /* GeneratedFiles */,
				F91479D517B4E3C70079BD89 /* resource */,
			);
			path = InfraredSimulator;
			sourceTree = "<group>";
		};
		F91479C217B4E3C70079BD89 /* GeneratedFiles */ = {
			isa = PBXGroup;
			children = (
				F91479C317B4E3C70079BD89 /* moc_InfraredSimulator.cpp */,
				F97D22ED17B739FF00887FCF /* moc_parameters.cpp */,
				F9F1BE0417BE33F300C4DB80 /* moc_TableModel.cpp */,
				F92CB1B517C130910072618A /* moc_ListModel.cpp */,
				F91479C417B4E3C70079BD89 /* qrc_infraredsimulator.cpp */,
				F91479C517B4E3C70079BD89 /* ui_infraredsimulator.h */,
				F91479C617B4E3C70079BD89 /* ui_parameters.h */,
			);
			path = GeneratedFiles;
			sourceTree = "<group>";
		};
		F91479D517B4E3C70079BD89 /* resource */ = {
			isa = PBXGroup;
			children = (
				F91479D617B4E3C70079BD89 /* back.png */,
				F91479D717B4E3C70079BD89 /* do.png */,
				F91479D817B4E3C70079BD89 /* peace.png */,
				F91479D917B4E3C70079BD89 /* peace2.png */,
				F91479DA17B4E3C70079BD89 /* speed.png */,
				F91479DB17B4E3C70079BD89 /* stop.png */,
			);
			path = resource;
			sourceTree = "<group>";
		};
		F91479DE17B4E3C70079BD89 /* Missiles */ = {
			isa = PBXGroup;
			children = (
				F91479DF17B4E3C70079BD89 /* EnemyMissile.cpp */,
				F91479E017B4E3C70079BD89 /* EnemyMissile.h */,
				F91479E117B4E3C70079BD89 /* MissileCommon.cpp */,
				F91479E217B4E3C70079BD89 /* MissileCommon.h */,
				F91479E317B4E3C70079BD89 /* Missiles.cpp */,
				F91479E417B4E3C70079BD89 /* Missiles.h */,
				F91479E717B4E3C70079BD89 /* OurMissile.cpp */,
				F91479E817B4E3C70079BD89 /* OurMissile.h */,
				F91479E917B4E3C70079BD89 /* StdAfx.cpp */,
				F91479EA17B4E3C70079BD89 /* StdAfx.h */,
			);
			path = Missiles;
			sourceTree = "<group>";
		};
		F91479EB17B4E3C70079BD89 /* Recorder */ = {
			isa = PBXGroup;
			children = (
				F91479EC17B4E3C70079BD89 /* InfraredCamera.cpp */,
				F91479ED17B4E3C70079BD89 /* Recorder.cpp */,
				F91479F017B4E3C70079BD89 /* StdAfx.cpp */,
				F91479F117B4E3C70079BD89 /* StdAfx.h */,
			);
			path = Recorder;
			sourceTree = "<group>";
		};
		F91479F217B4E3CE0079BD89 /* include */ = {
			isa = PBXGroup;
			children = (
				F91479F617B4E3CF0079BD89 /* PSDFCore */,
				F9147A3317B4E3CF0079BD89 /* PSDFViewQt */,
				F91479F317B4E3CE0079BD89 /* decl.h */,
				F984C38417C3BD43000962E7 /* Database.h */,
				F91479F417B4E3CF0079BD89 /* GlobalConfig.h */,
				F9147A3C17B4E3CF0079BD89 /* Recordable.h */,
				F9147A3D17B4E3CF0079BD89 /* Recorder.h */,
				F91479F517B4E3CF0079BD89 /* InfraredCamera.h */,
			);
			path = include;
			sourceTree = SOURCE_ROOT;
		};
		F91479F617B4E3CF0079BD89 /* PSDFCore */ = {
			isa = PBXGroup;
			children = (
				F91479F717B4E3CF0079BD89 /* Common */,
				F91479F917B4E3CF0079BD89 /* Data */,
				F91479FB17B4E3CF0079BD89 /* Event */,
				F9147A0017B4E3CF0079BD89 /* Label */,
				F9147A0217B4E3CF0079BD89 /* Layer */,
				F9147A0617B4E3CF0079BD89 /* LOD2D */,
				F9147A0817B4E3CF0079BD89 /* Network */,
				F9147A1417B4E3CF0079BD89 /* Pick */,
				F9147A1717B4E3CF0079BD89 /* Plugin */,
				F9147A1B17B4E3CF0079BD89 /* PSDFCore.h */,
				F9147A1C17B4E3CF0079BD89 /* Scene */,
				F9147A2117B4E3CF0079BD89 /* StdAfx.h */,
				F9147A2217B4E3CF0079BD89 /* Thread */,
				F9147A2817B4E3CF0079BD89 /* View */,
			);
			path = PSDFCore;
			sourceTree = "<group>";
		};
		F91479F717B4E3CF0079BD89 /* Common */ = {
			isa = PBXGroup;
			children = (
				F91479F817B4E3CF0079BD89 /* Common.h */,
			);
			path = Common;
			sourceTree = "<group>";
		};
		F91479F917B4E3CF0079BD89 /* Data */ = {
			isa = PBXGroup;
			children = (
				F91479FA17B4E3CF0079BD89 /* DataCenter.h */,
			);
			path = Data;
			sourceTree = "<group>";
		};
		F91479FB17B4E3CF0079BD89 /* Event */ = {
			isa = PBXGroup;
			children = (
				F91479FC17B4E3CF0079BD89 /* EventCenter.h */,
				F91479FD17B4E3CF0079BD89 /* EventHandler.h */,
				F91479FE17B4E3CF0079BD89 /* EventStation.h */,
				F91479FF17B4E3CF0079BD89 /* EventType.h */,
			);
			path = Event;
			sourceTree = "<group>";
		};
		F9147A0017B4E3CF0079BD89 /* Label */ = {
			isa = PBXGroup;
			children = (
				F9147A0117B4E3CF0079BD89 /* Label.h */,
			);
			path = Label;
			sourceTree = "<group>";
		};
		F9147A0217B4E3CF0079BD89 /* Layer */ = {
			isa = PBXGroup;
			children = (
				F9147A0317B4E3CF0079BD89 /* Layer.h */,
				F9147A0417B4E3CF0079BD89 /* LayerManager.h */,
				F9147A0517B4E3CF0079BD89 /* ScreenManager.h */,
			);
			path = Layer;
			sourceTree = "<group>";
		};
		F9147A0617B4E3CF0079BD89 /* LOD2D */ = {
			isa = PBXGroup;
			children = (
				F9147A0717B4E3CF0079BD89 /* LOD2D.h */,
			);
			path = LOD2D;
			sourceTree = "<group>";
		};
		F9147A0817B4E3CF0079BD89 /* Network */ = {
			isa = PBXGroup;
			children = (
				F9147A0917B4E3CF0079BD89 /* NetworkBuffer.h */,
				F9147A0A17B4E3CF0079BD89 /* NetworkCenter.h */,
				F9147A0B17B4E3CF0079BD89 /* NetworkConn.h */,
				F9147A0C17B4E3CF0079BD89 /* NetworkConn.h.bak */,
				F9147A0D17B4E3CF0079BD89 /* NetworkDataRecognizer.h */,
			);
			path = Network;
			sourceTree = "<group>";
		};
		F9147A1417B4E3CF0079BD89 /* Pick */ = {
			isa = PBXGroup;
			children = (
				F9147A1517B4E3CF0079BD89 /* Pickable.h */,
				F9147A1617B4E3CF0079BD89 /* PickableManager.h */,
			);
			path = Pick;
			sourceTree = "<group>";
		};
		F9147A1717B4E3CF0079BD89 /* Plugin */ = {
			isa = PBXGroup;
			children = (
				F9147A1817B4E3CF0079BD89 /* Plugin.h */,
				F9147A1917B4E3CF0079BD89 /* PluginManager.h */,
				F9147A1A17B4E3CF0079BD89 /* PluginType.h */,
			);
			path = Plugin;
			sourceTree = "<group>";
		};
		F9147A1C17B4E3CF0079BD89 /* Scene */ = {
			isa = PBXGroup;
			children = (
				F9147A1D17B4E3CF0079BD89 /* ProjectTrans.h */,
				F9147A1E17B4E3CF0079BD89 /* ProjectTransWinkel3.h */,
				F9147A1F17B4E3CF0079BD89 /* SceneCenter.h */,
				F9147A2017B4E3CF0079BD89 /* SceneCenter.h.bak */,
			);
			path = Scene;
			sourceTree = "<group>";
		};
		F9147A2217B4E3CF0079BD89 /* Thread */ = {
			isa = PBXGroup;
			children = (
				F9147A2317B4E3CF0079BD89 /* PosixThreads.h */,
				F9147A2417B4E3CF0079BD89 /* pthread */,
			);
			path = Thread;
			sourceTree = "<group>";
		};
		F9147A2417B4E3CF0079BD89 /* pthread */ = {
			isa = PBXGroup;
			children = (
				F9147A2517B4E3CF0079BD89 /* pthread.h */,
				F9147A2617B4E3CF0079BD89 /* sched.h */,
				F9147A2717B4E3CF0079BD89 /* semaphore.h */,
			);
			path = pthread;
			sourceTree = "<group>";
		};
		F9147A2817B4E3CF0079BD89 /* View */ = {
			isa = PBXGroup;
			children = (
				F9147A2917B4E3CF0079BD89 /* Camera2D.h */,
				F9147A2A17B4E3CF0079BD89 /* Camera3D.h */,
				F9147A2B17B4E3CF0079BD89 /* CameraBase.h */,
				F9147A2C17B4E3CF0079BD89 /* CameraBase.h.bak */,
				F9147A2D17B4E3CF0079BD89 /* CameraController.h */,
				F9147A2E17B4E3CF0079BD89 /* CameraController.h.bak */,
				F9147A2F17B4E3CF0079BD89 /* OsgViewerBase.h */,
				F9147A3017B4E3CF0079BD89 /* OsgViewerBase.h.bak */,
				F9147A3117B4E3CF0079BD89 /* StaticNodeGroup.h */,
				F9147A3217B4E3CF0079BD89 /* StatsHandler.h */,
			);
			path = View;
			sourceTree = "<group>";
		};
		F9147A3317B4E3CF0079BD89 /* PSDFViewQt */ = {
			isa = PBXGroup;
			children = (
				F9147A3417B4E3CF0079BD89 /* impl */,
				F9147A3A17B4E3CF0079BD89 /* PSDFViewQt.h */,
			);
			path = PSDFViewQt;
			sourceTree = "<group>";
		};
		F9147A3417B4E3CF0079BD89 /* impl */ = {
			isa = PBXGroup;
			children = (
				F9147A3517B4E3CF0079BD89 /* Common.h */,
				F9F1BE0217BE2F9000C4DB80 /* QGLWidgetAdapter.h */,
				F9147A3817B4E3CF0079BD89 /* ViewerQt2D.h */,
				F9147A3917B4E3CF0079BD89 /* ViewerQt3D.h */,
			);
			path = impl;
			sourceTree = "<group>";
		};
		F9147A9917B4EC430079BD89 /* Library */ = {
			isa = PBXGroup;
			children = (
				F97D22EB17B7395400887FCF /* QtGui.framework */,
				F97D22E917B7395100887FCF /* QtCore.framework */,
				F99CA8B31802B28A0055E877 /* libboost_system-mt.dylib */,
				F99CA8B11802B2870055E877 /* libboost_filesystem-mt.dylib */,
				F99CA8AF1802B2800055E877 /* libboost_program_options-mt.dylib */,
				F99CA8C71802B47E0055E877 /* libboost_thread-mt.dylib */,
				F99CA8B51802B2FE0055E877 /* libsqlite3.0.dylib */,
			);
			name = Library;
			sourceTree = "<group>";
		};
/* End PBXGroup section */

/* Begin PBXHeadersBuildPhase section */
		F9147A4217B4E4F30079BD89 /* Headers */ = {
			isa = PBXHeadersBuildPhase;
			buildActionMask = 2147483647;
			files = (
				F99CA8AE1802B2080055E877 /* MySphereDrawable.h in Headers */,
			);
			runOnlyForDeploymentPostprocessing = 0;
		};
		F9147A4A17B4E5000079BD89 /* Headers */ = {
			isa = PBXHeadersBuildPhase;
			buildActionMask = 2147483647;
			files = (
				F984C38517C3BD43000962E7 /* Database.h in Headers */,
			);
			runOnlyForDeploymentPostprocessing = 0;
		};
		F9147A5217B4E50C0079BD89 /* Headers */ = {
			isa = PBXHeadersBuildPhase;
			buildActionMask = 2147483647;
			files = (
			);
			runOnlyForDeploymentPostprocessing = 0;
		};
		F9147A5A17B4E51C0079BD89 /* Headers */ = {
			isa = PBXHeadersBuildPhase;
			buildActionMask = 2147483647;
			files = (
				F9F1BE0317BE2F9000C4DB80 /* QGLWidgetAdapter.h in Headers */,
			);
			runOnlyForDeploymentPostprocessing = 0;
		};
/* End PBXHeadersBuildPhase section */

/* Begin PBXNativeTarget section */
		F9147A4317B4E4F30079BD89 /* BaseEnv */ = {
			isa = PBXNativeTarget;
			buildConfigurationList = F9147A4517B4E4F30079BD89 /* Build configuration list for PBXNativeTarget "BaseEnv" */;
			buildPhases = (
				F9147A4017B4E4F30079BD89 /* Sources */,
				F9147A4117B4E4F30079BD89 /* Frameworks */,
				F9147A4217B4E4F30079BD89 /* Headers */,
			);
			buildRules = (
			);
			dependencies = (
				F9147A8217B4E6D80079BD89 /* PBXTargetDependency */,
				F9147A8417B4E6D80079BD89 /* PBXTargetDependency */,
			);
			name = BaseEnv;
			productName = BaseEnv;
			productReference = F9147A4417B4E4F30079BD89 /* BaseEnvd.dylib */;
			productType = "com.apple.product-type.library.dynamic";
		};
		F9147A4B17B4E5000079BD89 /* GlobalConfig */ = {
			isa = PBXNativeTarget;
			buildConfigurationList = F9147A4D17B4E5000079BD89 /* Build configuration list for PBXNativeTarget "GlobalConfig" */;
			buildPhases = (
				F9147A4817B4E5000079BD89 /* Sources */,
				F9147A4917B4E5000079BD89 /* Frameworks */,
				F9147A4A17B4E5000079BD89 /* Headers */,
			);
			buildRules = (
			);
			dependencies = (
			);
			name = GlobalConfig;
			productName = GlobalConfig;
			productReference = F9147A4C17B4E5000079BD89 /* libGlobalConfigd.dylib */;
			productType = "com.apple.product-type.library.dynamic";
		};
		F9147A5317B4E50C0079BD89 /* Missiles */ = {
			isa = PBXNativeTarget;
			buildConfigurationList = F9147A5517B4E50C0079BD89 /* Build configuration list for PBXNativeTarget "Missiles" */;
			buildPhases = (
				F9147A5017B4E50C0079BD89 /* Sources */,
				F9147A5117B4E50C0079BD89 /* Frameworks */,
				F9147A5217B4E50C0079BD89 /* Headers */,
			);
			buildRules = (
			);
			dependencies = (
				F9147A8617B4E6E20079BD89 /* PBXTargetDependency */,
				F9147A8817B4E6E20079BD89 /* PBXTargetDependency */,
			);
			name = Missiles;
			productName = Missiles;
			productReference = F9147A5417B4E50C0079BD89 /* Missilesd.dylib */;
			productType = "com.apple.product-type.library.dynamic";
		};
		F9147A5B17B4E51C0079BD89 /* Recorder */ = {
			isa = PBXNativeTarget;
			buildConfigurationList = F9147A5D17B4E51C0079BD89 /* Build configuration list for PBXNativeTarget "Recorder" */;
			buildPhases = (
				F9147A5817B4E51C0079BD89 /* Sources */,
				F9147A5917B4E51C0079BD89 /* Frameworks */,
				F9147A5A17B4E51C0079BD89 /* Headers */,
			);
			buildRules = (
			);
			dependencies = (
				F9147A8A17B4E6E70079BD89 /* PBXTargetDependency */,
			);
			name = Recorder;
			productName = Recorder;
			productReference = F9147A5C17B4E51C0079BD89 /* libRecorderd.dylib */;
			productType = "com.apple.product-type.library.dynamic";
		};
		F9147A6317B4E53F0079BD89 /* InfraredSimulator */ = {
			isa = PBXNativeTarget;
			buildConfigurationList = F9147A6A17B4E53F0079BD89 /* Build configuration list for PBXNativeTarget "InfraredSimulator" */;
			buildPhases = (
				F9E88E6117B63DF00053D418 /* ShellScript */,
				F9147A6017B4E53F0079BD89 /* Sources */,
				F9147A6117B4E53F0079BD89 /* Frameworks */,
				F9147A6217B4E53F0079BD89 /* CopyFiles */,
			);
			buildRules = (
			);
			dependencies = (
				F9147A8C17B4E6EB0079BD89 /* PBXTargetDependency */,
				F9147A8E17B4E6EB0079BD89 /* PBXTargetDependency */,
				F9147A9017B4E6EB0079BD89 /* PBXTargetDependency */,
				F9147A9217B4E6EB0079BD89 /* PBXTargetDependency */,
			);
			name = InfraredSimulator;
			productName = InfraredSimulator;
			productReference = F9147A6417B4E53F0079BD89 /* InfraredSimulatord */;
			productType = "com.apple.product-type.tool";
		};
/* End PBXNativeTarget section */

/* Begin PBXProject section */
		F914799917B4E2930079BD89 /* Project object */ = {
			isa = PBXProject;
			attributes = {
				LastUpgradeCheck = 0460;
				ORGANIZATIONNAME = Ymy;
			};
			buildConfigurationList = F914799C17B4E2930079BD89 /* Build configuration list for PBXProject "InfraredTarget" */;
			compatibilityVersion = "Xcode 3.2";
			developmentRegion = English;
			hasScannedForEncodings = 0;
			knownRegions = (
				en,
			);
			mainGroup = F914799817B4E2930079BD89;
			productRefGroup = F91479A217B4E2930079BD89 /* Products */;
			projectDirPath = "";
			projectRoot = "";
			targets = (
				F9147A4317B4E4F30079BD89 /* BaseEnv */,
				F9147A4B17B4E5000079BD89 /* GlobalConfig */,
				F9147A5317B4E50C0079BD89 /* Missiles */,
				F9147A5B17B4E51C0079BD89 /* Recorder */,
				F9147A6317B4E53F0079BD89 /* InfraredSimulator */,
			);
		};
/* End PBXProject section */

/* Begin PBXShellScriptBuildPhase section */
		F9E88E6117B63DF00053D418 /* ShellScript */ = {
			isa = PBXShellScriptBuildPhase;
			buildActionMask = 2147483647;
			files = (
			);
			inputPaths = (
			);
			outputPaths = (
			);
			runOnlyForDeploymentPostprocessing = 0;
			shellPath = /bin/sh;
			shellScript = "#workDir=${PROJECT_DIR}/src/InfraredSimulator;\n\n#for header in `(cd $workDir; ls *.h | sed 's/\\.h//')`;\n#do\n#    if [ $header != 'StdAfx' ];\n#    then moc -o$workDir/GeneratedFiles/moc_$header.cpp -fStdafx.h -f$header.h $workDir/$header.h;\n#    fi;\n#done;\n\n#for uiFile in `(cd $workDir; ls *.ui | sed 's/\\.ui//')`;\n#do\n#    uic -o $workDir/GeneratedFiles/ui_$uiFile.h $workDir/$uiFile.ui;\n#done;\n\n#rcc -o $workDir/GeneratedFiles/qrc_infraredsimulator.cpp $workDir/infraredsimulator.qrc";
		};
/* End PBXShellScriptBuildPhase section */

/* Begin PBXSourcesBuildPhase section */
		F9147A4017B4E4F30079BD89 /* Sources */ = {
			isa = PBXSourcesBuildPhase;
			buildActionMask = 2147483647;
			files = (
				F9147A6E17B4E5C40079BD89 /* Earth.cpp in Sources */,
				F9147A7017B4E5C40079BD89 /* StdAfx.cpp in Sources */,
				F9AB94A017B621420041C31E /* BaseEnv.cpp in Sources */,
				F93B3B5F17B6256900D9FF26 /* Stars.cpp in Sources */,
				F99CA8AD1802B2080055E877 /* MySphereDrawable.cpp in Sources */,
			);
			runOnlyForDeploymentPostprocessing = 0;
		};
		F9147A4817B4E5000079BD89 /* Sources */ = {
			isa = PBXSourcesBuildPhase;
			buildActionMask = 2147483647;
			files = (
				F9147A7117B4E5D60079BD89 /* Database.cpp in Sources */,
				F9147A7217B4E5D60079BD89 /* GlobalConfig.cpp in Sources */,
				F9147A7317B4E5D60079BD89 /* StdAfx.cpp in Sources */,
			);
			runOnlyForDeploymentPostprocessing = 0;
		};
		F9147A5017B4E50C0079BD89 /* Sources */ = {
			isa = PBXSourcesBuildPhase;
			buildActionMask = 2147483647;
			files = (
				F9147A7417B4E5EE0079BD89 /* EnemyMissile.cpp in Sources */,
				F9147A7517B4E5EE0079BD89 /* MissileCommon.cpp in Sources */,
				F9147A7617B4E5EE0079BD89 /* Missiles.cpp in Sources */,
				F9147A7717B4E5EE0079BD89 /* OurMissile.cpp in Sources */,
				F9147A7817B4E5EE0079BD89 /* StdAfx.cpp in Sources */,
			);
			runOnlyForDeploymentPostprocessing = 0;
		};
		F9147A5817B4E51C0079BD89 /* Sources */ = {
			isa = PBXSourcesBuildPhase;
			buildActionMask = 2147483647;
			files = (
				F9147A7917B4E60B0079BD89 /* InfraredCamera.cpp in Sources */,
				F9147A7A17B4E60B0079BD89 /* Recorder.cpp in Sources */,
				F9147A7B17B4E60B0079BD89 /* StdAfx.cpp in Sources */,
			);
			runOnlyForDeploymentPostprocessing = 0;
		};
		F9147A6017B4E53F0079BD89 /* Sources */ = {
			isa = PBXSourcesBuildPhase;
			buildActionMask = 2147483647;
			files = (
				F9147A7C17B4E6520079BD89 /* moc_InfraredSimulator.cpp in Sources */,
				F9147A7D17B4E6520079BD89 /* qrc_infraredsimulator.cpp in Sources */,
				F9147A7E17B4E6520079BD89 /* infraredsimulator.cpp in Sources */,
				F9147A7F17B4E6520079BD89 /* main.cpp in Sources */,
				F9147A8017B4E6520079BD89 /* parameters.cpp in Sources */,
				F97D22EE17B739FF00887FCF /* moc_parameters.cpp in Sources */,
				F9F1BE0117BE254A00C4DB80 /* TableModel.cpp in Sources */,
				F9F1BE0517BE33F300C4DB80 /* moc_TableModel.cpp in Sources */,
				F92CB1B417C12AB20072618A /* ListModel.cpp in Sources */,
				F92CB1B617C130910072618A /* moc_ListModel.cpp in Sources */,
			);
			runOnlyForDeploymentPostprocessing = 0;
		};
/* End PBXSourcesBuildPhase section */

/* Begin PBXTargetDependency section */
		F9147A8217B4E6D80079BD89 /* PBXTargetDependency */ = {
			isa = PBXTargetDependency;
			target = F9147A4B17B4E5000079BD89 /* GlobalConfig */;
			targetProxy = F9147A8117B4E6D80079BD89 /* PBXContainerItemProxy */;
		};
		F9147A8417B4E6D80079BD89 /* PBXTargetDependency */ = {
			isa = PBXTargetDependency;
			target = F9147A5B17B4E51C0079BD89 /* Recorder */;
			targetProxy = F9147A8317B4E6D80079BD89 /* PBXContainerItemProxy */;
		};
		F9147A8617B4E6E20079BD89 /* PBXTargetDependency */ = {
			isa = PBXTargetDependency;
			target = F9147A4B17B4E5000079BD89 /* GlobalConfig */;
			targetProxy = F9147A8517B4E6E20079BD89 /* PBXContainerItemProxy */;
		};
		F9147A8817B4E6E20079BD89 /* PBXTargetDependency */ = {
			isa = PBXTargetDependency;
			target = F9147A5B17B4E51C0079BD89 /* Recorder */;
			targetProxy = F9147A8717B4E6E20079BD89 /* PBXContainerItemProxy */;
		};
		F9147A8A17B4E6E70079BD89 /* PBXTargetDependency */ = {
			isa = PBXTargetDependency;
			target = F9147A4B17B4E5000079BD89 /* GlobalConfig */;
			targetProxy = F9147A8917B4E6E70079BD89 /* PBXContainerItemProxy */;
		};
		F9147A8C17B4E6EB0079BD89 /* PBXTargetDependency */ = {
			isa = PBXTargetDependency;
			target = F9147A4317B4E4F30079BD89 /* BaseEnv */;
			targetProxy = F9147A8B17B4E6EB0079BD89 /* PBXContainerItemProxy */;
		};
		F9147A8E17B4E6EB0079BD89 /* PBXTargetDependency */ = {
			isa = PBXTargetDependency;
			target = F9147A4B17B4E5000079BD89 /* GlobalConfig */;
			targetProxy = F9147A8D17B4E6EB0079BD89 /* PBXContainerItemProxy */;
		};
		F9147A9017B4E6EB0079BD89 /* PBXTargetDependency */ = {
			isa = PBXTargetDependency;
			target = F9147A5317B4E50C0079BD89 /* Missiles */;
			targetProxy = F9147A8F17B4E6EB0079BD89 /* PBXContainerItemProxy */;
		};
		F9147A9217B4E6EB0079BD89 /* PBXTargetDependency */ = {
			isa = PBXTargetDependency;
			target = F9147A5B17B4E51C0079BD89 /* Recorder */;
			targetProxy = F9147A9117B4E6EB0079BD89 /* PBXContainerItemProxy */;
		};
/* End PBXTargetDependency section */

/* Begin XCBuildConfiguration section */
		F91479A817B4E2930079BD89 /* Debug */ = {
			isa = XCBuildConfiguration;
			buildSettings = {
				ALWAYS_SEARCH_USER_PATHS = NO;
				ARCHS = "$(ARCHS_STANDARD_64_BIT)";
				CLANG_CXX_LANGUAGE_STANDARD = "compiler-default";
				CLANG_CXX_LIBRARY = "compiler-default";
				CLANG_WARN_CONSTANT_CONVERSION = YES;
				CLANG_WARN_EMPTY_BODY = YES;
				CLANG_WARN_ENUM_CONVERSION = YES;
				CLANG_WARN_INT_CONVERSION = YES;
				CLANG_WARN__DUPLICATE_METHOD_MATCH = YES;
				COPY_PHASE_STRIP = NO;
				DEBUG_INFORMATION_FORMAT = dwarf;
				FRAMEWORK_SEARCH_PATHS = /Library/Frameworks;
				GCC_C_LANGUAGE_STANDARD = "compiler-default";
				GCC_DYNAMIC_NO_PIC = NO;
				GCC_ENABLE_OBJC_EXCEPTIONS = YES;
				GCC_OPTIMIZATION_LEVEL = 0;
				GCC_PREPROCESSOR_DEFINITIONS = (
					_DEBUG,
					"DEBUG=1",
					"$(inherited)",
				);
				GCC_SYMBOLS_PRIVATE_EXTERN = NO;
				GCC_WARN_64_TO_32_BIT_CONVERSION = NO;
				GCC_WARN_ABOUT_RETURN_TYPE = YES;
				GCC_WARN_UNINITIALIZED_AUTOS = YES;
				GCC_WARN_UNUSED_VARIABLE = YES;
				HEADER_SEARCH_PATHS = (
					include,
					/opt/local/include,
					/usr/local/include,
				);
				LD_NO_PIE = NO;
				LIBRARY_SEARCH_PATHS = (
					bin,
					/opt/local/lib,
					/usr/local/lib,
					.,
				);
				MACOSX_DEPLOYMENT_TARGET = 10.7;
				ONLY_ACTIVE_ARCH = YES;
				OTHER_CFLAGS = "";
				OTHER_LDFLAGS = (
					"-lOpenThreadsd",
					"-losgd",
					"-losgDBd",
					"-losgViewerd",
					"-losgTextd",
					"-lPSDFCored",
				);
				SDKROOT = macosx10.7;
				VALID_ARCHS = x86_64;
			};
			name = Debug;
		};
		F91479A917B4E2930079BD89 /* Release */ = {
			isa = XCBuildConfiguration;
			buildSettings = {
				ALWAYS_SEARCH_USER_PATHS = NO;
				ARCHS = "$(ARCHS_STANDARD_64_BIT)";
				CLANG_CXX_LANGUAGE_STANDARD = "compiler-default";
				CLANG_CXX_LIBRARY = "compiler-default";
				CLANG_WARN_CONSTANT_CONVERSION = YES;
				CLANG_WARN_EMPTY_BODY = YES;
				CLANG_WARN_ENUM_CONVERSION = YES;
				CLANG_WARN_INT_CONVERSION = YES;
				CLANG_WARN__DUPLICATE_METHOD_MATCH = YES;
				COPY_PHASE_STRIP = YES;
				DEBUG_INFORMATION_FORMAT = dwarf;
				FRAMEWORK_SEARCH_PATHS = /Library/Frameworks;
				GCC_C_LANGUAGE_STANDARD = "compiler-default";
				GCC_DYNAMIC_NO_PIC = NO;
				GCC_ENABLE_OBJC_EXCEPTIONS = YES;
				GCC_PREPROCESSOR_DEFINITIONS = NDEBUG;
				GCC_WARN_64_TO_32_BIT_CONVERSION = NO;
				GCC_WARN_ABOUT_RETURN_TYPE = YES;
				GCC_WARN_UNINITIALIZED_AUTOS = YES;
				GCC_WARN_UNUSED_VARIABLE = YES;
				HEADER_SEARCH_PATHS = (
					include,
					/opt/local/include,
					/usr/local/include,
				);
				LD_NO_PIE = NO;
				LIBRARY_SEARCH_PATHS = (
					bin,
					/opt/local/lib,
					/usr/local/lib,
					.,
				);
				MACOSX_DEPLOYMENT_TARGET = 10.7;
				OTHER_CFLAGS = "";
				OTHER_LDFLAGS = (
					"-lOpenThreads",
					"-losg",
					"-losgDB",
					"-losgText",
					"-losgViewer",
					"-lPSDFCore",
				);
				SDKROOT = macosx10.7;
				VALID_ARCHS = x86_64;
			};
			name = Release;
		};
		F9147A4617B4E4F30079BD89 /* Debug */ = {
			isa = XCBuildConfiguration;
			buildSettings = {
				CONFIGURATION_BUILD_DIR = bin/plugins;
				DEBUG_INFORMATION_FORMAT = dwarf;
				EXECUTABLE_PREFIX = "";
				LIBRARY_SEARCH_PATHS = (
					"$(inherited)",
					/opt/local/lib,
				);
				OTHER_LDFLAGS = (
					"-lOpenThreadsd",
					"-losgd",
					"-losgDBd",
					"-losgViewerd",
					"-losgTextd",
					"-lPSDFCored",
					"-lGlobalConfigd",
					"-lRecorderd",
				);
				PRODUCT_NAME = "$(TARGET_NAME)d";
				SDKROOT = macosx10.7;
			};
			name = Debug;
		};
		F9147A4717B4E4F30079BD89 /* Release */ = {
			isa = XCBuildConfiguration;
			buildSettings = {
				CONFIGURATION_BUILD_DIR = bin/plugins;
				DEBUG_INFORMATION_FORMAT = dwarf;
				EXECUTABLE_PREFIX = "";
				LIBRARY_SEARCH_PATHS = (
					"$(inherited)",
					/opt/local/lib,
				);
				OTHER_LDFLAGS = (
					"-lOpenThreads",
					"-losg",
					"-losgDB",
					"-losgText",
					"-losgViewer",
					"-lPSDFCore",
					"-lGlobalConfig",
					"-lRecorder",
				);
				PRODUCT_NAME = "$(TARGET_NAME)";
				SDKROOT = macosx10.7;
			};
			name = Release;
		};
		F9147A4E17B4E5000079BD89 /* Debug */ = {
			isa = XCBuildConfiguration;
			buildSettings = {
				CONFIGURATION_BUILD_DIR = bin;
				DEBUG_INFORMATION_FORMAT = dwarf;
				EXECUTABLE_PREFIX = lib;
				GCC_PREPROCESSOR_DEFINITIONS = (
					_DEBUG,
					"DEBUG=1",
					GLOBALCONFIG_EXPORTS,
					"$(inherited)",
				);
				LIBRARY_SEARCH_PATHS = (
					"$(inherited)",
					/opt/local/lib,
				);
				OTHER_CFLAGS = "-fPIC";
				OTHER_LDFLAGS = (
					"-lOpenThreadsd",
					"-losgd",
					"-losgDBd",
					"-losgViewerd",
					"-losgTextd",
					"-lPSDFCored",
				);
				PRODUCT_NAME = "$(TARGET_NAME)d";
				SDKROOT = macosx10.7;
			};
			name = Debug;
		};
		F9147A4F17B4E5000079BD89 /* Release */ = {
			isa = XCBuildConfiguration;
			buildSettings = {
				CONFIGURATION_BUILD_DIR = bin;
				DEBUG_INFORMATION_FORMAT = dwarf;
				EXECUTABLE_PREFIX = lib;
				GCC_PREPROCESSOR_DEFINITIONS = (
					NDEBUG,
					GLOBALCONFIG_EXPORTS,
				);
				LIBRARY_SEARCH_PATHS = (
					"$(inherited)",
					/opt/local/lib,
				);
				OTHER_CFLAGS = "-fPIC";
				PRODUCT_NAME = "$(TARGET_NAME)";
				SDKROOT = macosx10.7;
			};
			name = Release;
		};
		F9147A5617B4E50C0079BD89 /* Debug */ = {
			isa = XCBuildConfiguration;
			buildSettings = {
				CONFIGURATION_BUILD_DIR = bin/plugins;
				DEBUG_INFORMATION_FORMAT = dwarf;
				EXECUTABLE_PREFIX = "";
				LIBRARY_SEARCH_PATHS = (
					"$(inherited)",
					/opt/local/lib,
				);
				OTHER_LDFLAGS = (
					"-lOpenThreadsd",
					"-losgd",
					"-losgDBd",
					"-losgViewerd",
					"-losgTextd",
					"-lPSDFCored",
					"-lGlobalConfigd",
					"-lRecorderd",
				);
				PRODUCT_NAME = "$(TARGET_NAME)d";
				SDKROOT = macosx10.7;
			};
			name = Debug;
		};
		F9147A5717B4E50C0079BD89 /* Release */ = {
			isa = XCBuildConfiguration;
			buildSettings = {
				CONFIGURATION_BUILD_DIR = bin/plugins;
				DEBUG_INFORMATION_FORMAT = dwarf;
				EXECUTABLE_PREFIX = "";
				LIBRARY_SEARCH_PATHS = (
					"$(inherited)",
					/opt/local/lib,
				);
				OTHER_LDFLAGS = (
					"-lOpenThreads",
					"-losg",
					"-losgDB",
					"-losgText",
					"-losgViewer",
					"-lPSDFCore",
					"-lGlobalConfig",
					"-lRecorder",
				);
				PRODUCT_NAME = "$(TARGET_NAME)";
				SDKROOT = macosx10.7;
			};
			name = Release;
		};
		F9147A5E17B4E51C0079BD89 /* Debug */ = {
			isa = XCBuildConfiguration;
			buildSettings = {
				CONFIGURATION_BUILD_DIR = bin;
				DEBUG_INFORMATION_FORMAT = dwarf;
				EXECUTABLE_PREFIX = lib;
				GCC_PREPROCESSOR_DEFINITIONS = (
					_DEBUG,
					"DEBUG=1",
					RECORDER_EXPORTS,
					"$(inherited)",
				);
				LIBRARY_SEARCH_PATHS = (
					"$(inherited)",
					/opt/local/lib,
				);
				OTHER_CFLAGS = "-fPIC";
				OTHER_LDFLAGS = (
					"-lOpenThreadsd",
					"-losgd",
					"-losgDBd",
					"-losgViewerd",
					"-losgTextd",
					"-lPSDFCored",
					"-lPSDFViewQtd",
					"-lGlobalConfigd",
				);
				PRODUCT_NAME = "$(TARGET_NAME)d";
				SDKROOT = macosx10.7;
			};
			name = Debug;
		};
		F9147A5F17B4E51C0079BD89 /* Release */ = {
			isa = XCBuildConfiguration;
			buildSettings = {
				CONFIGURATION_BUILD_DIR = bin;
				DEBUG_INFORMATION_FORMAT = dwarf;
				EXECUTABLE_PREFIX = lib;
				GCC_PREPROCESSOR_DEFINITIONS = (
					NDEBUG,
					RECORDER_EXPORTS,
				);
				LIBRARY_SEARCH_PATHS = (
					"$(inherited)",
					/opt/local/lib,
				);
				OTHER_CFLAGS = "-fPIC";
				OTHER_LDFLAGS = (
					"-lOpenThreads",
					"-losg",
					"-losgDB",
					"-losgText",
					"-losgViewer",
					"-lPSDFCore",
					"-lPSDFViewQt",
					"-lGlobalConfig",
				);
				PRODUCT_NAME = "$(TARGET_NAME)";
				SDKROOT = macosx10.7;
			};
			name = Release;
		};
		F9147A6B17B4E53F0079BD89 /* Debug */ = {
			isa = XCBuildConfiguration;
			buildSettings = {
				CONFIGURATION_BUILD_DIR = bin;
				DEBUG_INFORMATION_FORMAT = dwarf;
				GCC_PREPROCESSOR_DEFINITIONS = (
					_DEBUG,
					"DEBUG=1",
					"$(inherited)",
				);
				LIBRARY_SEARCH_PATHS = (
					"$(inherited)",
					/opt/local/lib,
				);
				OTHER_LDFLAGS = (
					"-lOpenThreadsd",
					"-losgd",
					"-losgDBd",
					"-losgViewerd",
					"-losgTextd",
					"-lPSDFCored",
					"-lPSDFViewQtd",
					"-lGlobalConfigd",
					"-lRecorderd",
				);
				PRODUCT_NAME = "$(TARGET_NAME)d";
				SDKROOT = macosx10.7;
			};
			name = Debug;
		};
		F9147A6C17B4E53F0079BD89 /* Release */ = {
			isa = XCBuildConfiguration;
			buildSettings = {
				CONFIGURATION_BUILD_DIR = bin;
				DEBUG_INFORMATION_FORMAT = dwarf;
				GCC_PREPROCESSOR_DEFINITIONS = NDEBUG;
				LIBRARY_SEARCH_PATHS = (
					"$(inherited)",
					/opt/local/lib,
				);
				OTHER_LDFLAGS = (
					"-lOpenThreads",
					"-losg",
					"-losgDB",
					"-losgText",
					"-losgViewer",
					"-lPSDFCore",
					"-lPSDFViewQt",
					"-lGlobalConfig",
					"-lRecorder",
				);
				PRODUCT_NAME = "$(TARGET_NAME)";
				SDKROOT = macosx10.7;
			};
			name = Release;
		};
/* End XCBuildConfiguration section */

/* Begin XCConfigurationList section */
		F914799C17B4E2930079BD89 /* Build configuration list for PBXProject "InfraredTarget" */ = {
			isa = XCConfigurationList;
			buildConfigurations = (
				F91479A817B4E2930079BD89 /* Debug */,
				F91479A917B4E2930079BD89 /* Release */,
			);
			defaultConfigurationIsVisible = 0;
			defaultConfigurationName = Release;
		};
		F9147A4517B4E4F30079BD89 /* Build configuration list for PBXNativeTarget "BaseEnv" */ = {
			isa = XCConfigurationList;
			buildConfigurations = (
				F9147A4617B4E4F30079BD89 /* Debug */,
				F9147A4717B4E4F30079BD89 /* Release */,
			);
			defaultConfigurationIsVisible = 0;
			defaultConfigurationName = Release;
		};
		F9147A4D17B4E5000079BD89 /* Build configuration list for PBXNativeTarget "GlobalConfig" */ = {
			isa = XCConfigurationList;
			buildConfigurations = (
				F9147A4E17B4E5000079BD89 /* Debug */,
				F9147A4F17B4E5000079BD89 /* Release */,
			);
			defaultConfigurationIsVisible = 0;
			defaultConfigurationName = Release;
		};
		F9147A5517B4E50C0079BD89 /* Build configuration list for PBXNativeTarget "Missiles" */ = {
			isa = XCConfigurationList;
			buildConfigurations = (
				F9147A5617B4E50C0079BD89 /* Debug */,
				F9147A5717B4E50C0079BD89 /* Release */,
			);
			defaultConfigurationIsVisible = 0;
			defaultConfigurationName = Release;
		};
		F9147A5D17B4E51C0079BD89 /* Build configuration list for PBXNativeTarget "Recorder" */ = {
			isa = XCConfigurationList;
			buildConfigurations = (
				F9147A5E17B4E51C0079BD89 /* Debug */,
				F9147A5F17B4E51C0079BD89 /* Release */,
			);
			defaultConfigurationIsVisible = 0;
			defaultConfigurationName = Release;
		};
		F9147A6A17B4E53F0079BD89 /* Build configuration list for PBXNativeTarget "InfraredSimulator" */ = {
			isa = XCConfigurationList;
			buildConfigurations = (
				F9147A6B17B4E53F0079BD89 /* Debug */,
				F9147A6C17B4E53F0079BD89 /* Release */,
			);
			defaultConfigurationIsVisible = 0;
			defaultConfigurationName = Release;
		};
/* End XCConfigurationList section */
	};
	rootObject = F914799917B4E2930079BD89 /* Project object */;
}
